
Microsoft Visual Studio Solution File, Format Version 12.00
# Visual Studio Version 17
VisualStudioVersion = 17.11.35222.181
MinimumVisualStudioVersion = 10.0.40219.1
Project("{FAE04EC0-301F-11D3-BF4B-00C04F79EFBC}") = "BorisovNA", "BorisovNA\BorisovNA.csproj", "{2B2DE8D0-0374-4F38-BEAE-023CE794ED68}"
EndProject
Global
	GlobalSection(SolutionConfigurationPlatforms) = preSolution
		Debug|Any CPU = Debug|Any CPU
		Release|Any CPU = Release|Any CPU
	EndGlobalSection
	GlobalSection(ProjectConfigurationPlatforms) = postSolution
		{2B2DE8D0-0374-4F38-BEAE-023CE794ED68}.Debug|Any CPU.ActiveCfg = Debug|Any CPU
		{2B2DE8D0-0374-4F38-BEAE-023CE794ED68}.Debug|Any CPU.Build.0 = Debug|Any CPU
		{2B2DE8D0-0374-4F38-BEAE-023CE794ED68}.Release|Any CPU.ActiveCfg = Release|Any CPU
		{2B2DE8D0-0374-4F38-BEAE-023CE794ED68}.Release|Any CPU.Build.0 = Release|Any CPU
	EndGlobalSection
	GlobalSection(SolutionProperties) = preSolution
		HideSolutionNode = FALSE
	EndGlobalSection
	GlobalSection(ExtensibilityGlobals) = postSolution
		SolutionGuid = {F9E7459B-5323-4D8E-9965-EF551700345B}
	EndGlobalSection
EndGlobal
